
Microsoft Visual Studio Solution File, Format Version 12.00
# Visual Studio 15
VisualStudioVersion = 15.0.28307.852
MinimumVisualStudioVersion = 10.0.40219.1
Project("{8BC9CEB8-8B4A-11D0-8D11-00A0C91BC942}") = "Sudoku", "Sudoku\Sudoku.vcxproj", "{66B50159-F573-4B03-BA37-5D02FA469EAE}"
EndProject
Global
	GlobalSection(SolutionConfigurationPlatforms) = preSolution
		Debug|x64 = Debug|x64
		Debug|x86 = Debug|x86
		Release|x64 = Release|x64
		Release|x86 = Release|x86
	EndGlobalSection
	GlobalSection(ProjectConfigurationPlatforms) = postSolution
		{66B50159-F573-4B03-BA37-5D02FA469EAE}.Debug|x64.ActiveCfg = Debug|x64
		{66B50159-F573-4B03-BA37-5D02FA469EAE}.Debug|x64.Build.0 = Debug|x64
		{66B50159-F573-4B03-BA37-5D02FA469EAE}.Debug|x86.ActiveCfg = Debug|Win32
		{66B50159-F573-4B03-BA37-5D02FA469EAE}.Debug|x86.Build.0 = Debug|Win32
		{66B50159-F573-4B03-BA37-5D02FA469EAE}.Release|x64.ActiveCfg = Release|x64
		{66B50159-F573-4B03-BA37-5D02FA469EAE}.Release|x64.Build.0 = Release|x64
		{66B50159-F573-4B03-BA37-5D02FA469EAE}.Release|x86.ActiveCfg = Release|Win32
		{66B50159-F573-4B03-BA37-5D02FA469EAE}.Release|x86.Build.0 = Release|Win32
	EndGlobalSection
	GlobalSection(SolutionProperties) = preSolution
		HideSolutionNode = FALSE
	EndGlobalSection
	GlobalSection(ExtensibilityGlobals) = postSolution
		SolutionGuid = {D5C51999-1DDE-40D3-8F0D-1F057452D65A}
	EndGlobalSection
EndGlobal
